// !$*UTF8*$!
{
	archiveVersion = 1;
	classes = {
	};
	objectVersion = 55;
	objects = {

/* Begin PBXBuildFile section */
		A5D3A19E29EF0C6700E86762 /* AppDelegate.swift in Sources */ = {isa = PBXBuildFile; fileRef = A5D3A19D29EF0C6700E86762 /* AppDelegate.swift */; };
		A5D3A1A029EF0C6700E86762 /* SceneDelegate.swift in Sources */ = {isa = PBXBuildFile; fileRef = A5D3A19F29EF0C6700E86762 /* SceneDelegate.swift */; };
		A5D3A1A229EF0C6700E86762 /* UniversitiesViewController.swift in Sources */ = {isa = PBXBuildFile; fileRef = A5D3A1A129EF0C6700E86762 /* UniversitiesViewController.swift */; };
		A5D3A1A529EF0C6700E86762 /* Main.storyboard in Resources */ = {isa = PBXBuildFile; fileRef = A5D3A1A329EF0C6700E86762 /* Main.storyboard */; };
		A5D3A1A729EF0C6900E86762 /* Assets.xcassets in Resources */ = {isa = PBXBuildFile; fileRef = A5D3A1A629EF0C6900E86762 /* Assets.xcassets */; };
		A5D3A1AA29EF0C6900E86762 /* LaunchScreen.storyboard in Resources */ = {isa = PBXBuildFile; fileRef = A5D3A1A829EF0C6900E86762 /* LaunchScreen.storyboard */; };
		A5D3A1B529EF0C6900E86762 /* Gurram_UniversityAppTests.swift in Sources */ = {isa = PBXBuildFile; fileRef = A5D3A1B429EF0C6900E86762 /* Gurram_UniversityAppTests.swift */; };
		A5D3A1BF29EF0C6900E86762 /* Gurram_UniversityAppUITests.swift in Sources */ = {isa = PBXBuildFile; fileRef = A5D3A1BE29EF0C6900E86762 /* Gurram_UniversityAppUITests.swift */; };
		A5D3A1C129EF0C6900E86762 /* Gurram_UniversityAppUITestsLaunchTests.swift in Sources */ = {isa = PBXBuildFile; fileRef = A5D3A1C029EF0C6900E86762 /* Gurram_UniversityAppUITestsLaunchTests.swift */; };
		A5D3A1CE29EF169A00E86762 /* UniversityListViewController.swift in Sources */ = {isa = PBXBuildFile; fileRef = A5D3A1CD29EF169A00E86762 /* UniversityListViewController.swift */; };
/* End PBXBuildFile section */

/* Begin PBXContainerItemProxy section */
		A5D3A1B129EF0C6900E86762 /* PBXContainerItemProxy */ = {
			isa = PBXContainerItemProxy;
			containerPortal = A5D3A19229EF0C6700E86762 /* Project object */;
			proxyType = 1;
			remoteGlobalIDString = A5D3A19929EF0C6700E86762;
			remoteInfo = Gurram_UniversityApp;
		};
		A5D3A1BB29EF0C6900E86762 /* PBXContainerItemProxy */ = {
			isa = PBXContainerItemProxy;
			containerPortal = A5D3A19229EF0C6700E86762 /* Project object */;
			proxyType = 1;
			remoteGlobalIDString = A5D3A19929EF0C6700E86762;
			remoteInfo = Gurram_UniversityApp;
		};
/* End PBXContainerItemProxy section */

/* Begin PBXFileReference section */
		A5D3A19A29EF0C6700E86762 /* Gurram_UniversityApp.app */ = {isa = PBXFileReference; explicitFileType = wrapper.application; includeInIndex = 0; path = Gurram_UniversityApp.app; sourceTree = BUILT_PRODUCTS_DIR; };
		A5D3A19D29EF0C6700E86762 /* AppDelegate.swift */ = {isa = PBXFileReference; lastKnownFileType = sourcecode.swift; path = AppDelegate.swift; sourceTree = "<group>"; };
		A5D3A19F29EF0C6700E86762 /* SceneDelegate.swift */ = {isa = PBXFileReference; lastKnownFileType = sourcecode.swift; path = SceneDelegate.swift; sourceTree = "<group>"; };
		A5D3A1A129EF0C6700E86762 /* UniversitiesViewController.swift */ = {isa = PBXFileReference; lastKnownFileType = sourcecode.swift; path = UniversitiesViewController.swift; sourceTree = "<group>"; };
		A5D3A1A429EF0C6700E86762 /* Base */ = {isa = PBXFileReference; lastKnownFileType = file.storyboard; name = Base; path = Base.lproj/Main.storyboard; sourceTree = "<group>"; };
		A5D3A1A629EF0C6900E86762 /* Assets.xcassets */ = {isa = PBXFileReference; lastKnownFileType = folder.assetcatalog; path = Assets.xcassets; sourceTree = "<group>"; };
		A5D3A1A929EF0C6900E86762 /* Base */ = {isa = PBXFileReference; lastKnownFileType = file.storyboard; name = Base; path = Base.lproj/LaunchScreen.storyboard; sourceTree = "<group>"; };
		A5D3A1AB29EF0C6900E86762 /* Info.plist */ = {isa = PBXFileReference; lastKnownFileType = text.plist.xml; path = Info.plist; sourceTree = "<group>"; };
		A5D3A1B029EF0C6900E86762 /* Gurram_UniversityAppTests.xctest */ = {isa = PBXFileReference; explicitFileType = wrapper.cfbundle; includeInIndex = 0; path = Gurram_UniversityAppTests.xctest; sourceTree = BUILT_PRODUCTS_DIR; };
		A5D3A1B429EF0C6900E86762 /* Gurram_UniversityAppTests.swift */ = {isa = PBXFileReference; lastKnownFileType = sourcecode.swift; path = Gurram_UniversityAppTests.swift; sourceTree = "<group>"; };
		A5D3A1BA29EF0C6900E86762 /* Gurram_UniversityAppUITests.xctest */ = {isa = PBXFileReference; explicitFileType = wrapper.cfbundle; includeInIndex = 0; path = Gurram_UniversityAppUITests.xctest; sourceTree = BUILT_PRODUCTS_DIR; };
		A5D3A1BE29EF0C6900E86762 /* Gurram_UniversityAppUITests.swift */ = {isa = PBXFileReference; lastKnownFileType = sourcecode.swift; path = Gurram_UniversityAppUITests.swift; sourceTree = "<group>"; };
		A5D3A1C029EF0C6900E86762 /* Gurram_UniversityAppUITestsLaunchTests.swift */ = {isa = PBXFileReference; lastKnownFileType = sourcecode.swift; path = Gurram_UniversityAppUITestsLaunchTests.swift; sourceTree = "<group>"; };
		A5D3A1CD29EF169A00E86762 /* UniversityListViewController.swift */ = {isa = PBXFileReference; lastKnownFileType = sourcecode.swift; path = UniversityListViewController.swift; sourceTree = "<group>"; };
/* End PBXFileReference section */

/* Begin PBXFrameworksBuildPhase section */
		A5D3A19729EF0C6700E86762 /* Frameworks */ = {
			isa = PBXFrameworksBuildPhase;
			buildActionMask = 2147483647;
			files = (
			);
			runOnlyForDeploymentPostprocessing = 0;
		};
		A5D3A1AD29EF0C6900E86762 /* Frameworks */ = {
			isa = PBXFrameworksBuildPhase;
			buildActionMask = 2147483647;
			files = (
			);
			runOnlyForDeploymentPostprocessing = 0;
		};
		A5D3A1B729EF0C6900E86762 /* Frameworks */ = {
			isa = PBXFrameworksBuildPhase;
			buildActionMask = 2147483647;
			files = (
			);
			runOnlyForDeploymentPostprocessing = 0;
		};
/* End PBXFrameworksBuildPhase section */

/* Begin PBXGroup section */
		A5D3A19129EF0C6700E86762 = {
			isa = PBXGroup;
			children = (
				A5D3A19C29EF0C6700E86762 /* Gurram_UniversityApp */,
				A5D3A1BD29EF0C6900E86762 /* Gurram_UniversityAppUITests */,
				A5D3A19B29EF0C6700E86762 /* Products */,
			);
			sourceTree = "<group>";
		};
		A5D3A19B29EF0C6700E86762 /* Products */ = {
			isa = PBXGroup;
			children = (
				A5D3A19A29EF0C6700E86762 /* Gurram_UniversityApp.app */,
				A5D3A1B029EF0C6900E86762 /* Gurram_UniversityAppTests.xctest */,
				A5D3A1BA29EF0C6900E86762 /* Gurram_UniversityAppUITests.xctest */,
			);
			name = Products;
			sourceTree = "<group>";
		};
		A5D3A19C29EF0C6700E86762 /* Gurram_UniversityApp */ = {
			isa = PBXGroup;
			children = (
				A5D3A19D29EF0C6700E86762 /* AppDelegate.swift */,
				A5D3A19F29EF0C6700E86762 /* SceneDelegate.swift */,
				A5D3A1A129EF0C6700E86762 /* UniversitiesViewController.swift */,
				A5D3A1A329EF0C6700E86762 /* Main.storyboard */,
				A5D3A1A629EF0C6900E86762 /* Assets.xcassets */,
				A5D3A1A829EF0C6900E86762 /* LaunchScreen.storyboard */,
				A5D3A1AB29EF0C6900E86762 /* Info.plist */,
				A5D3A1CD29EF169A00E86762 /* UniversityListViewController.swift */,
			);
			path = Gurram_UniversityApp;
			sourceTree = "<group>";
		};
		A5D3A1B329EF0C6900E86762 /* Gurram_UniversityAppTests */ = {
			isa = PBXGroup;
			children = (
				A5D3A1B429EF0C6900E86762 /* Gurram_UniversityAppTests.swift */,
			);
			path = Gurram_UniversityAppTests;
			sourceTree = "<group>";
		};
		A5D3A1BD29EF0C6900E86762 /* Gurram_UniversityAppUITests */ = {
			isa = PBXGroup;
			children = (
				A5D3A1BE29EF0C6900E86762 /* Gurram_UniversityAppUITests.swift */,
				A5D3A1C029EF0C6900E86762 /* Gurram_UniversityAppUITestsLaunchTests.swift */,
				A5D3A1B329EF0C6900E86762 /* Gurram_UniversityAppTests */,
			);
			path = Gurram_UniversityAppUITests;
			sourceTree = "<group>";
		};
/* End PBXGroup section */

/* Begin PBXNativeTarget section */
		A5D3A19929EF0C6700E86762 /* Gurram_UniversityApp */ = {
			isa = PBXNativeTarget;
			buildConfigurationList = A5D3A1C429EF0C6900E86762 /* Build configuration list for PBXNativeTarget "Gurram_UniversityApp" */;
			buildPhases = (
				A5D3A19629EF0C6700E86762 /* Sources */,
				A5D3A19729EF0C6700E86762 /* Frameworks */,
				A5D3A19829EF0C6700E86762 /* Resources */,
			);
			buildRules = (
			);
			dependencies = (
			);
			name = Gurram_UniversityApp;
			productName = Gurram_UniversityApp;
			productReference = A5D3A19A29EF0C6700E86762 /* Gurram_UniversityApp.app */;
			productType = "com.apple.product-type.application";
		};
		A5D3A1AF29EF0C6900E86762 /* Gurram_UniversityAppTests */ = {
			isa = PBXNativeTarget;
			buildConfigurationList = A5D3A1C729EF0C6900E86762 /* Build configuration list for PBXNativeTarget "Gurram_UniversityAppTests" */;
			buildPhases = (
				A5D3A1AC29EF0C6900E86762 /* Sources */,
				A5D3A1AD29EF0C6900E86762 /* Frameworks */,
				A5D3A1AE29EF0C6900E86762 /* Resources */,
			);
			buildRules = (
			);
			dependencies = (
				A5D3A1B229EF0C6900E86762 /* PBXTargetDependency */,
			);
			name = Gurram_UniversityAppTests;
			productName = Gurram_UniversityAppTests;
			productReference = A5D3A1B029EF0C6900E86762 /* Gurram_UniversityAppTests.xctest */;
			productType = "com.apple.product-type.bundle.unit-test";
		};
		A5D3A1B929EF0C6900E86762 /* Gurram_UniversityAppUITests */ = {
			isa = PBXNativeTarget;
			buildConfigurationList = A5D3A1CA29EF0C6900E86762 /* Build configuration list for PBXNativeTarget "Gurram_UniversityAppUITests" */;
			buildPhases = (
				A5D3A1B629EF0C6900E86762 /* Sources */,
				A5D3A1B729EF0C6900E86762 /* Frameworks */,
				A5D3A1B829EF0C6900E86762 /* Resources */,
			);
			buildRules = (
			);
			dependencies = (
				A5D3A1BC29EF0C6900E86762 /* PBXTargetDependency */,
			);
			name = Gurram_UniversityAppUITests;
			productName = Gurram_UniversityAppUITests;
			productReference = A5D3A1BA29EF0C6900E86762 /* Gurram_UniversityAppUITests.xctest */;
			productType = "com.apple.product-type.bundle.ui-testing";
		};
/* End PBXNativeTarget section */

/* Begin PBXProject section */
		A5D3A19229EF0C6700E86762 /* Project object */ = {
			isa = PBXProject;
			attributes = {
				BuildIndependentTargetsInParallel = 1;
				LastSwiftUpdateCheck = 1340;
				LastUpgradeCheck = 1340;
				TargetAttributes = {
					A5D3A19929EF0C6700E86762 = {
						CreatedOnToolsVersion = 13.4.1;
					};
					A5D3A1AF29EF0C6900E86762 = {
						CreatedOnToolsVersion = 13.4.1;
						TestTargetID = A5D3A19929EF0C6700E86762;
					};
					A5D3A1B929EF0C6900E86762 = {
						CreatedOnToolsVersion = 13.4.1;
						TestTargetID = A5D3A19929EF0C6700E86762;
					};
				};
			};
			buildConfigurationList = A5D3A19529EF0C6700E86762 /* Build configuration list for PBXProject "Gurram_UniversityApp" */;
			compatibilityVersion = "Xcode 13.0";
			developmentRegion = en;
			hasScannedForEncodings = 0;
			knownRegions = (
				en,
				Base,
			);
			mainGroup = A5D3A19129EF0C6700E86762;
			productRefGroup = A5D3A19B29EF0C6700E86762 /* Products */;
			projectDirPath = "";
			projectRoot = "";
			targets = (
				A5D3A19929EF0C6700E86762 /* Gurram_UniversityApp */,
				A5D3A1AF29EF0C6900E86762 /* Gurram_UniversityAppTests */,
				A5D3A1B929EF0C6900E86762 /* Gurram_UniversityAppUITests */,
			);
		};
/* End PBXProject section */

/* Begin PBXResourcesBuildPhase section */
		A5D3A19829EF0C6700E86762 /* Resources */ = {
			isa = PBXResourcesBuildPhase;
			buildActionMask = 2147483647;
			files = (
				A5D3A1AA29EF0C6900E86762 /* LaunchScreen.storyboard in Resources */,
				A5D3A1A729EF0C6900E86762 /* Assets.xcassets in Resources */,
				A5D3A1A529EF0C6700E86762 /* Main.storyboard in Resources */,
			);
			runOnlyForDeploymentPostprocessing = 0;
		};
		A5D3A1AE29EF0C6900E86762 /* Resources */ = {
			isa = PBXResourcesBuildPhase;
			buildActionMask = 2147483647;
			files = (
			);
			runOnlyForDeploymentPostprocessing = 0;
		};
		A5D3A1B829EF0C6900E86762 /* Resources */ = {
			isa = PBXResourcesBuildPhase;
			buildActionMask = 2147483647;
			files = (
			);
			runOnlyForDeploymentPostprocessing = 0;
		};
/* End PBXResourcesBuildPhase section */

/* Begin PBXSourcesBuildPhase section */
		A5D3A19629EF0C6700E86762 /* Sources */ = {
			isa = PBXSourcesBuildPhase;
			buildActionMask = 2147483647;
			files = (
				A5D3A1A229EF0C6700E86762 /* UniversitiesViewController.swift in Sources */,
				A5D3A19E29EF0C6700E86762 /* AppDelegate.swift in Sources */,
				A5D3A1CE29EF169A00E86762 /* UniversityListViewController.swift in Sources */,
				A5D3A1A029EF0C6700E86762 /* SceneDelegate.swift in Sources */,
			);
			runOnlyForDeploymentPostprocessing = 0;
		};
		A5D3A1AC29EF0C6900E86762 /* Sources */ = {
			isa = PBXSourcesBuildPhase;
			buildActionMask = 2147483647;
			files = (
				A5D3A1B529EF0C6900E86762 /* Gurram_UniversityAppTests.swift in Sources */,
			);
			runOnlyForDeploymentPostprocessing = 0;
		};
		A5D3A1B629EF0C6900E86762 /* Sources */ = {
			isa = PBXSourcesBuildPhase;
			buildActionMask = 2147483647;
			files = (
				A5D3A1C129EF0C6900E86762 /* Gurram_UniversityAppUITestsLaunchTests.swift in Sources */,
				A5D3A1BF29EF0C6900E86762 /* Gurram_UniversityAppUITests.swift in Sources */,
			);
			runOnlyForDeploymentPostprocessing = 0;
		};
/* End PBXSourcesBuildPhase section */

/* Begin PBXTargetDependency section */
		A5D3A1B229EF0C6900E86762 /* PBXTargetDependency */ = {
			isa = PBXTargetDependency;
			target = A5D3A19929EF0C6700E86762 /* Gurram_UniversityApp */;
			targetProxy = A5D3A1B129EF0C6900E86762 /* PBXContainerItemProxy */;
		};
		A5D3A1BC29EF0C6900E86762 /* PBXTargetDependency */ = {
			isa = PBXTargetDependency;
			target = A5D3A19929EF0C6700E86762 /* Gurram_UniversityApp */;
			targetProxy = A5D3A1BB29EF0C6900E86762 /* PBXContainerItemProxy */;
		};
/* End PBXTargetDependency section */

/* Begin PBXVariantGroup section */
		A5D3A1A329EF0C6700E86762 /* Main.storyboard */ = {
			isa = PBXVariantGroup;
			children = (
				A5D3A1A429EF0C6700E86762 /* Base */,
			);
			name = Main.storyboard;
			sourceTree = "<group>";
		};
		A5D3A1A829EF0C6900E86762 /* LaunchScreen.storyboard */ = {
			isa = PBXVariantGroup;
			children = (
				A5D3A1A929EF0C6900E86762 /* Base */,
			);
			name = LaunchScreen.storyboard;
			sourceTree = "<group>";
		};
/* End PBXVariantGroup section */

/* Begin XCBuildConfiguration section */
		A5D3A1C229EF0C6900E86762 /* Debug */ = {
			isa = XCBuildConfiguration;
			buildSettings = {
				ALWAYS_SEARCH_USER_PATHS = NO;
				CLANG_ANALYZER_NONNULL = YES;
				CLANG_ANALYZER_NUMBER_OBJECT_CONVERSION = YES_AGGRESSIVE;
				CLANG_CXX_LANGUAGE_STANDARD = "gnu++17";
				CLANG_ENABLE_MODULES = YES;
				CLANG_ENABLE_OBJC_ARC = YES;
				CLANG_ENABLE_OBJC_WEAK = YES;
				CLANG_WARN_BLOCK_CAPTURE_AUTORELEASING = YES;
				CLANG_WARN_BOOL_CONVERSION = YES;
				CLANG_WARN_COMMA = YES;
				CLANG_WARN_CONSTANT_CONVERSION = YES;
				CLANG_WARN_DEPRECATED_OBJC_IMPLEMENTATIONS = YES;
				CLANG_WARN_DIRECT_OBJC_ISA_USAGE = YES_ERROR;
				CLANG_WARN_DOCUMENTATION_COMMENTS = YES;
				CLANG_WARN_EMPTY_BODY = YES;
				CLANG_WARN_ENUM_CONVERSION = YES;
				CLANG_WARN_INFINITE_RECURSION = YES;
				CLANG_WARN_INT_CONVERSION = YES;
				CLANG_WARN_NON_LITERAL_NULL_CONVERSION = YES;
				CLANG_WARN_OBJC_IMPLICIT_RETAIN_SELF = YES;
				CLANG_WARN_OBJC_LITERAL_CONVERSION = YES;
				CLANG_WARN_OBJC_ROOT_CLASS = YES_ERROR;
				CLANG_WARN_QUOTED_INCLUDE_IN_FRAMEWORK_HEADER = YES;
				CLANG_WARN_RANGE_LOOP_ANALYSIS = YES;
				CLANG_WARN_STRICT_PROTOTYPES = YES;
				CLANG_WARN_SUSPICIOUS_MOVE = YES;
				CLANG_WARN_UNGUARDED_AVAILABILITY = YES_AGGRESSIVE;
				CLANG_WARN_UNREACHABLE_CODE = YES;
				CLANG_WARN__DUPLICATE_METHOD_MATCH = YES;
				COPY_PHASE_STRIP = NO;
				DEBUG_INFORMATION_FORMAT = dwarf;
				ENABLE_STRICT_OBJC_MSGSEND = YES;
				ENABLE_TESTABILITY = YES;
				GCC_C_LANGUAGE_STANDARD = gnu11;
				GCC_DYNAMIC_NO_PIC = NO;
				GCC_NO_COMMON_BLOCKS = YES;
				GCC_OPTIMIZATION_LEVEL = 0;
				GCC_PREPROCESSOR_DEFINITIONS = (
					"DEBUG=1",
					"$(inherited)",
				);
				GCC_WARN_64_TO_32_BIT_CONVERSION = YES;
				GCC_WARN_ABOUT_RETURN_TYPE = YES_ERROR;
				GCC_WARN_UNDECLARED_SELECTOR = YES;
				GCC_WARN_UNINITIALIZED_AUTOS = YES_AGGRESSIVE;
				GCC_WARN_UNUSED_FUNCTION = YES;
				GCC_WARN_UNUSED_VARIABLE = YES;
				IPHONEOS_DEPLOYMENT_TARGET = 15.5;
				MTL_ENABLE_DEBUG_INFO = INCLUDE_SOURCE;
				MTL_FAST_MATH = YES;
				ONLY_ACTIVE_ARCH = YES;
				SDKROOT = iphoneos;
				SWIFT_ACTIVE_COMPILATION_CONDITIONS = DEBUG;
				SWIFT_OPTIMIZATION_LEVEL = "-Onone";
			};
			name = Debug;
		};
		A5D3A1C329EF0C6900E86762 /* Release */ = {
			isa = XCBuildConfiguration;
			buildSettings = {
				ALWAYS_SEARCH_USER_PATHS = NO;
				CLANG_ANALYZER_NONNULL = YES;
				CLANG_ANALYZER_NUMBER_OBJECT_CONVERSION = YES_AGGRESSIVE;
				CLANG_CXX_LANGUAGE_STANDARD = "gnu++17";
				CLANG_ENABLE_MODULES = YES;
				CLANG_ENABLE_OBJC_ARC = YES;
				CLANG_ENABLE_OBJC_WEAK = YES;
				CLANG_WARN_BLOCK_CAPTURE_AUTORELEASING = YES;
				CLANG_WARN_BOOL_CONVERSION = YES;
				CLANG_WARN_COMMA = YES;
				CLANG_WARN_CONSTANT_CONVERSION = YES;
				CLANG_WARN_DEPRECATED_OBJC_IMPLEMENTATIONS = YES;
				CLANG_WARN_DIRECT_OBJC_ISA_USAGE = YES_ERROR;
				CLANG_WARN_DOCUMENTATION_COMMENTS = YES;
				CLANG_WARN_EMPTY_BODY = YES;
				CLANG_WARN_ENUM_CONVERSION = YES;
				CLANG_WARN_INFINITE_RECURSION = YES;
				CLANG_WARN_INT_CONVERSION = YES;
				CLANG_WARN_NON_LITERAL_NULL_CONVERSION = YES;
				CLANG_WARN_OBJC_IMPLICIT_RETAIN_SELF = YES;
				CLANG_WARN_OBJC_LITERAL_CONVERSION = YES;
				CLANG_WARN_OBJC_ROOT_CLASS = YES_ERROR;
				CLANG_WARN_QUOTED_INCLUDE_IN_FRAMEWORK_HEADER = YES;
				CLANG_WARN_RANGE_LOOP_ANALYSIS = YES;
				CLANG_WARN_STRICT_PROTOTYPES = YES;
				CLANG_WARN_SUSPICIOUS_MOVE = YES;
				CLANG_WARN_UNGUARDED_AVAILABILITY = YES_AGGRESSIVE;
				CLANG_WARN_UNREACHABLE_CODE = YES;
				CLANG_WARN__DUPLICATE_METHOD_MATCH = YES;
				COPY_PHASE_STRIP = NO;
				DEBUG_INFORMATION_FORMAT = "dwarf-with-dsym";
				ENABLE_NS_ASSERTIONS = NO;
				ENABLE_STRICT_OBJC_MSGSEND = YES;
				GCC_C_LANGUAGE_STANDARD = gnu11;
				GCC_NO_COMMON_BLOCKS = YES;
				GCC_WARN_64_TO_32_BIT_CONVERSION = YES;
				GCC_WARN_ABOUT_RETURN_TYPE = YES_ERROR;
				GCC_WARN_UNDECLARED_SELECTOR = YES;
				GCC_WARN_UNINITIALIZED_AUTOS = YES_AGGRESSIVE;
				GCC_WARN_UNUSED_FUNCTION = YES;
				GCC_WARN_UNUSED_VARIABLE = YES;
				IPHONEOS_DEPLOYMENT_TARGET = 15.5;
				MTL_ENABLE_DEBUG_INFO = NO;
				MTL_FAST_MATH = YES;
				SDKROOT = iphoneos;
				SWIFT_COMPILATION_MODE = wholemodule;
				SWIFT_OPTIMIZATION_LEVEL = "-O";
				VALIDATE_PRODUCT = YES;
			};
			name = Release;
		};
		A5D3A1C529EF0C6900E86762 /* Debug */ = {
			isa = XCBuildConfiguration;
			buildSettings = {
				ASSETCATALOG_COMPILER_APPICON_NAME = AppIcon;
				ASSETCATALOG_COMPILER_GLOBAL_ACCENT_COLOR_NAME = AccentColor;
				CODE_SIGN_STYLE = Automatic;
				CURRENT_PROJECT_VERSION = 1;
				GENERATE_INFOPLIST_FILE = YES;
				INFOPLIST_FILE = Gurram_UniversityApp/Info.plist;
				INFOPLIST_KEY_UIApplicationSupportsIndirectInputEvents = YES;
				INFOPLIST_KEY_UILaunchStoryboardName = LaunchScreen;
				INFOPLIST_KEY_UIMainStoryboardFile = Main;
				INFOPLIST_KEY_UISupportedInterfaceOrientations_iPad = "UIInterfaceOrientationPortrait UIInterfaceOrientationPortraitUpsideDown UIInterfaceOrientationLandscapeLeft UIInterfaceOrientationLandscapeRight";
				INFOPLIST_KEY_UISupportedInterfaceOrientations_iPhone = "UIInterfaceOrientationPortrait UIInterfaceOrientationLandscapeLeft UIInterfaceOrientationLandscapeRight";
				LD_RUNPATH_SEARCH_PATHS = (
					"$(inherited)",
					"@executable_path/Frameworks",
				);
				MARKETING_VERSION = 1.0;
				PRODUCT_BUNDLE_IDENTIFIER = "nwmsu.Gurram-UniversityApp";
				PRODUCT_NAME = "$(TARGET_NAME)";
				SWIFT_EMIT_LOC_STRINGS = YES;
				SWIFT_VERSION = 5.0;
				TARGETED_DEVICE_FAMILY = "1,2";
			};
			name = Debug;
		};
		A5D3A1C629EF0C6900E86762 /* Release */ = {
			isa = XCBuildConfiguration;
			buildSettings = {
				ASSETCATALOG_COMPILER_APPICON_NAME = AppIcon;
				ASSETCATALOG_COMPILER_GLOBAL_ACCENT_COLOR_NAME = AccentColor;
				CODE_SIGN_STYLE = Automatic;
				CURRENT_PROJECT_VERSION = 1;
				GENERATE_INFOPLIST_FILE = YES;
				INFOPLIST_FILE = Gurram_UniversityApp/Info.plist;
				INFOPLIST_KEY_UIApplicationSupportsIndirectInputEvents = YES;
				INFOPLIST_KEY_UILaunchStoryboardName = LaunchScreen;
				INFOPLIST_KEY_UIMainStoryboardFile = Main;
				INFOPLIST_KEY_UISupportedInterfaceOrientations_iPad = "UIInterfaceOrientationPortrait UIInterfaceOrientationPortraitUpsideDown UIInterfaceOrientationLandscapeLeft UIInterfaceOrientationLandscapeRight";
				INFOPLIST_KEY_UISupportedInterfaceOrientations_iPhone = "UIInterfaceOrientationPortrait UIInterfaceOrientationLandscapeLeft UIInterfaceOrientationLandscapeRight";
				LD_RUNPATH_SEARCH_PATHS = (
					"$(inherited)",
					"@executable_path/Frameworks",
				);
				MARKETING_VERSION = 1.0;
				PRODUCT_BUNDLE_IDENTIFIER = "nwmsu.Gurram-UniversityApp";
				PRODUCT_NAME = "$(TARGET_NAME)";
				SWIFT_EMIT_LOC_STRINGS = YES;
				SWIFT_VERSION = 5.0;
				TARGETED_DEVICE_FAMILY = "1,2";
			};
			name = Release;
		};
		A5D3A1C829EF0C6900E86762 /* Debug */ = {
			isa = XCBuildConfiguration;
			buildSettings = {
				ALWAYS_EMBED_SWIFT_STANDARD_LIBRARIES = YES;
				BUNDLE_LOADER = "$(TEST_HOST)";
				CODE_SIGN_STYLE = Automatic;
				CURRENT_PROJECT_VERSION = 1;
				GENERATE_INFOPLIST_FILE = YES;
				IPHONEOS_DEPLOYMENT_TARGET = 15.5;
				MARKETING_VERSION = 1.0;
				PRODUCT_BUNDLE_IDENTIFIER = "nwmsu.Gurram-UniversityAppTests";
				PRODUCT_NAME = "$(TARGET_NAME)";
				SWIFT_EMIT_LOC_STRINGS = NO;
				SWIFT_VERSION = 5.0;
				TARGETED_DEVICE_FAMILY = "1,2";
				TEST_HOST = "$(BUILT_PRODUCTS_DIR)/Gurram_UniversityApp.app/Gurram_UniversityApp";
			};
			name = Debug;
		};
		A5D3A1C929EF0C6900E86762 /* Release */ = {
			isa = XCBuildConfiguration;
			buildSettings = {
				ALWAYS_EMBED_SWIFT_STANDARD_LIBRARIES = YES;
				BUNDLE_LOADER = "$(TEST_HOST)";
				CODE_SIGN_STYLE = Automatic;
				CURRENT_PROJECT_VERSION = 1;
				GENERATE_INFOPLIST_FILE = YES;
				IPHONEOS_DEPLOYMENT_TARGET = 15.5;
				MARKETING_VERSION = 1.0;
				PRODUCT_BUNDLE_IDENTIFIER = "nwmsu.Gurram-UniversityAppTests";
				PRODUCT_NAME = "$(TARGET_NAME)";
				SWIFT_EMIT_LOC_STRINGS = NO;
				SWIFT_VERSION = 5.0;
				TARGETED_DEVICE_FAMILY = "1,2";
				TEST_HOST = "$(BUILT_PRODUCTS_DIR)/Gurram_UniversityApp.app/Gurram_UniversityApp";
			};
			name = Release;
		};
		A5D3A1CB29EF0C6900E86762 /* Debug */ = {
			isa = XCBuildConfiguration;
			buildSettings = {
				ALWAYS_EMBED_SWIFT_STANDARD_LIBRARIES = YES;
				CODE_SIGN_STYLE = Automatic;
				CURRENT_PROJECT_VERSION = 1;
				GENERATE_INFOPLIST_FILE = YES;
				MARKETING_VERSION = 1.0;
				PRODUCT_BUNDLE_IDENTIFIER = "nwmsu.Gurram-UniversityAppUITests";
				PRODUCT_NAME = "$(TARGET_NAME)";
				SWIFT_EMIT_LOC_STRINGS = NO;
				SWIFT_VERSION = 5.0;
				TARGETED_DEVICE_FAMILY = "1,2";
				TEST_TARGET_NAME = Gurram_UniversityApp;
			};
			name = Debug;
		};
		A5D3A1CC29EF0C6900E86762 /* Release */ = {
			isa = XCBuildConfiguration;
			buildSettings = {
				ALWAYS_EMBED_SWIFT_STANDARD_LIBRARIES = YES;
				CODE_SIGN_STYLE = Automatic;
				CURRENT_PROJECT_VERSION = 1;
				GENERATE_INFOPLIST_FILE = YES;
				MARKETING_VERSION = 1.0;
				PRODUCT_BUNDLE_IDENTIFIER = "nwmsu.Gurram-UniversityAppUITests";
				PRODUCT_NAME = "$(TARGET_NAME)";
				SWIFT_EMIT_LOC_STRINGS = NO;
				SWIFT_VERSION = 5.0;
				TARGETED_DEVICE_FAMILY = "1,2";
				TEST_TARGET_NAME = Gurram_UniversityApp;
			};
			name = Release;
		};
/* End XCBuildConfiguration section */

/* Begin XCConfigurationList section */
		A5D3A19529EF0C6700E86762 /* Build configuration list for PBXProject "Gurram_UniversityApp" */ = {
			isa = XCConfigurationList;
			buildConfigurations = (
				A5D3A1C229EF0C6900E86762 /* Debug */,
				A5D3A1C329EF0C6900E86762 /* Release */,
			);
			defaultConfigurationIsVisible = 0;
			defaultConfigurationName = Release;
		};
		A5D3A1C429EF0C6900E86762 /* Build configuration list for PBXNativeTarget "Gurram_UniversityApp" */ = {
			isa = XCConfigurationList;
			buildConfigurations = (
				A5D3A1C529EF0C6900E86762 /* Debug */,
				A5D3A1C629EF0C6900E86762 /* Release */,
			);
			defaultConfigurationIsVisible = 0;
			defaultConfigurationName = Release;
		};
		A5D3A1C729EF0C6900E86762 /* Build configuration list for PBXNativeTarget "Gurram_UniversityAppTests" */ = {
			isa = XCConfigurationList;
			buildConfigurations = (
				A5D3A1C829EF0C6900E86762 /* Debug */,
				A5D3A1C929EF0C6900E86762 /* Release */,
			);
			defaultConfigurationIsVisible = 0;
			defaultConfigurationName = Release;
		};
		A5D3A1CA29EF0C6900E86762 /* Build configuration list for PBXNativeTarget "Gurram_UniversityAppUITests" */ = {
			isa = XCConfigurationList;
			buildConfigurations = (
				A5D3A1CB29EF0C6900E86762 /* Debug */,
				A5D3A1CC29EF0C6900E86762 /* Release */,
			);
			defaultConfigurationIsVisible = 0;
			defaultConfigurationName = Release;
		};
/* End XCConfigurationList section */
	};
	rootObject = A5D3A19229EF0C6700E86762 /* Project object */;
}
