// !$*UTF8*$!
{
	archiveVersion = 1;
	classes = {
	};
	objectVersion = 55;
	objects = {

/* Begin PBXBuildFile section */
		A507E506299D96F90034EC15 /* AppDelegate.swift in Sources */ = {isa = PBXBuildFile; fileRef = A507E505299D96F90034EC15 /* AppDelegate.swift */; };
		A507E508299D96F90034EC15 /* SceneDelegate.swift in Sources */ = {isa = PBXBuildFile; fileRef = A507E507299D96F90034EC15 /* SceneDelegate.swift */; };
		A507E50A299D96F90034EC15 /* ViewController.swift in Sources */ = {isa = PBXBuildFile; fileRef = A507E509299D96F90034EC15 /* ViewController.swift */; };
		A507E50D299D96F90034EC15 /* Main.storyboard in Resources */ = {isa = PBXBuildFile; fileRef = A507E50B299D96F90034EC15 /* Main.storyboard */; };
		A507E50F299D96FD0034EC15 /* Assets.xcassets in Resources */ = {isa = PBXBuildFile; fileRef = A507E50E299D96FD0034EC15 /* Assets.xcassets */; };
		A507E512299D96FD0034EC15 /* LaunchScreen.storyboard in Resources */ = {isa = PBXBuildFile; fileRef = A507E510299D96FD0034EC15 /* LaunchScreen.storyboard */; };
		A507E51D299D96FD0034EC15 /* Gurram_CalculatorAppTests.swift in Sources */ = {isa = PBXBuildFile; fileRef = A507E51C299D96FD0034EC15 /* Gurram_CalculatorAppTests.swift */; };
		A507E527299D96FD0034EC15 /* Gurram_CalculatorAppUITests.swift in Sources */ = {isa = PBXBuildFile; fileRef = A507E526299D96FD0034EC15 /* Gurram_CalculatorAppUITests.swift */; };
		A507E529299D96FD0034EC15 /* Gurram_CalculatorAppUITestsLaunchTests.swift in Sources */ = {isa = PBXBuildFile; fileRef = A507E528299D96FD0034EC15 /* Gurram_CalculatorAppUITestsLaunchTests.swift */; };
/* End PBXBuildFile section */

/* Begin PBXContainerItemProxy section */
		A507E519299D96FD0034EC15 /* PBXContainerItemProxy */ = {
			isa = PBXContainerItemProxy;
			containerPortal = A507E4FA299D96F90034EC15 /* Project object */;
			proxyType = 1;
			remoteGlobalIDString = A507E501299D96F90034EC15;
			remoteInfo = Gurram_CalculatorApp;
		};
		A507E523299D96FD0034EC15 /* PBXContainerItemProxy */ = {
			isa = PBXContainerItemProxy;
			containerPortal = A507E4FA299D96F90034EC15 /* Project object */;
			proxyType = 1;
			remoteGlobalIDString = A507E501299D96F90034EC15;
			remoteInfo = Gurram_CalculatorApp;
		};
/* End PBXContainerItemProxy section */

/* Begin PBXFileReference section */
		A507E502299D96F90034EC15 /* Gurram_CalculatorApp.app */ = {isa = PBXFileReference; explicitFileType = wrapper.application; includeInIndex = 0; path = Gurram_CalculatorApp.app; sourceTree = BUILT_PRODUCTS_DIR; };
		A507E505299D96F90034EC15 /* AppDelegate.swift */ = {isa = PBXFileReference; lastKnownFileType = sourcecode.swift; path = AppDelegate.swift; sourceTree = "<group>"; };
		A507E507299D96F90034EC15 /* SceneDelegate.swift */ = {isa = PBXFileReference; lastKnownFileType = sourcecode.swift; path = SceneDelegate.swift; sourceTree = "<group>"; };
		A507E509299D96F90034EC15 /* ViewController.swift */ = {isa = PBXFileReference; lastKnownFileType = sourcecode.swift; path = ViewController.swift; sourceTree = "<group>"; };
		A507E50C299D96F90034EC15 /* Base */ = {isa = PBXFileReference; lastKnownFileType = file.storyboard; name = Base; path = Base.lproj/Main.storyboard; sourceTree = "<group>"; };
		A507E50E299D96FD0034EC15 /* Assets.xcassets */ = {isa = PBXFileReference; lastKnownFileType = folder.assetcatalog; path = Assets.xcassets; sourceTree = "<group>"; };
		A507E511299D96FD0034EC15 /* Base */ = {isa = PBXFileReference; lastKnownFileType = file.storyboard; name = Base; path = Base.lproj/LaunchScreen.storyboard; sourceTree = "<group>"; };
		A507E513299D96FD0034EC15 /* Info.plist */ = {isa = PBXFileReference; lastKnownFileType = text.plist.xml; path = Info.plist; sourceTree = "<group>"; };
		A507E518299D96FD0034EC15 /* Gurram_CalculatorAppTests.xctest */ = {isa = PBXFileReference; explicitFileType = wrapper.cfbundle; includeInIndex = 0; path = Gurram_CalculatorAppTests.xctest; sourceTree = BUILT_PRODUCTS_DIR; };
		A507E51C299D96FD0034EC15 /* Gurram_CalculatorAppTests.swift */ = {isa = PBXFileReference; lastKnownFileType = sourcecode.swift; path = Gurram_CalculatorAppTests.swift; sourceTree = "<group>"; };
		A507E522299D96FD0034EC15 /* Gurram_CalculatorAppUITests.xctest */ = {isa = PBXFileReference; explicitFileType = wrapper.cfbundle; includeInIndex = 0; path = Gurram_CalculatorAppUITests.xctest; sourceTree = BUILT_PRODUCTS_DIR; };
		A507E526299D96FD0034EC15 /* Gurram_CalculatorAppUITests.swift */ = {isa = PBXFileReference; lastKnownFileType = sourcecode.swift; path = Gurram_CalculatorAppUITests.swift; sourceTree = "<group>"; };
		A507E528299D96FD0034EC15 /* Gurram_CalculatorAppUITestsLaunchTests.swift */ = {isa = PBXFileReference; lastKnownFileType = sourcecode.swift; path = Gurram_CalculatorAppUITestsLaunchTests.swift; sourceTree = "<group>"; };
/* End PBXFileReference section */

/* Begin PBXFrameworksBuildPhase section */
		A507E4FF299D96F90034EC15 /* Frameworks */ = {
			isa = PBXFrameworksBuildPhase;
			buildActionMask = 2147483647;
			files = (
			);
			runOnlyForDeploymentPostprocessing = 0;
		};
		A507E515299D96FD0034EC15 /* Frameworks */ = {
			isa = PBXFrameworksBuildPhase;
			buildActionMask = 2147483647;
			files = (
			);
			runOnlyForDeploymentPostprocessing = 0;
		};
		A507E51F299D96FD0034EC15 /* Frameworks */ = {
			isa = PBXFrameworksBuildPhase;
			buildActionMask = 2147483647;
			files = (
			);
			runOnlyForDeploymentPostprocessing = 0;
		};
/* End PBXFrameworksBuildPhase section */

/* Begin PBXGroup section */
		A507E4F9299D96F80034EC15 = {
			isa = PBXGroup;
			children = (
				A507E504299D96F90034EC15 /* Gurram_CalculatorApp */,
				A507E51B299D96FD0034EC15 /* Gurram_CalculatorAppTests */,
				A507E525299D96FD0034EC15 /* Gurram_CalculatorAppUITests */,
				A507E503299D96F90034EC15 /* Products */,
			);
			sourceTree = "<group>";
		};
		A507E503299D96F90034EC15 /* Products */ = {
			isa = PBXGroup;
			children = (
				A507E502299D96F90034EC15 /* Gurram_CalculatorApp.app */,
				A507E518299D96FD0034EC15 /* Gurram_CalculatorAppTests.xctest */,
				A507E522299D96FD0034EC15 /* Gurram_CalculatorAppUITests.xctest */,
			);
			name = Products;
			sourceTree = "<group>";
		};
		A507E504299D96F90034EC15 /* Gurram_CalculatorApp */ = {
			isa = PBXGroup;
			children = (
				A507E505299D96F90034EC15 /* AppDelegate.swift */,
				A507E507299D96F90034EC15 /* SceneDelegate.swift */,
				A507E509299D96F90034EC15 /* ViewController.swift */,
				A507E50B299D96F90034EC15 /* Main.storyboard */,
				A507E50E299D96FD0034EC15 /* Assets.xcassets */,
				A507E510299D96FD0034EC15 /* LaunchScreen.storyboard */,
				A507E513299D96FD0034EC15 /* Info.plist */,
			);
			path = Gurram_CalculatorApp;
			sourceTree = "<group>";
		};
		A507E51B299D96FD0034EC15 /* Gurram_CalculatorAppTests */ = {
			isa = PBXGroup;
			children = (
				A507E51C299D96FD0034EC15 /* Gurram_CalculatorAppTests.swift */,
			);
			path = Gurram_CalculatorAppTests;
			sourceTree = "<group>";
		};
		A507E525299D96FD0034EC15 /* Gurram_CalculatorAppUITests */ = {
			isa = PBXGroup;
			children = (
				A507E526299D96FD0034EC15 /* Gurram_CalculatorAppUITests.swift */,
				A507E528299D96FD0034EC15 /* Gurram_CalculatorAppUITestsLaunchTests.swift */,
			);
			path = Gurram_CalculatorAppUITests;
			sourceTree = "<group>";
		};
/* End PBXGroup section */

/* Begin PBXNativeTarget section */
		A507E501299D96F90034EC15 /* Gurram_CalculatorApp */ = {
			isa = PBXNativeTarget;
			buildConfigurationList = A507E52C299D96FD0034EC15 /* Build configuration list for PBXNativeTarget "Gurram_CalculatorApp" */;
			buildPhases = (
				A507E4FE299D96F90034EC15 /* Sources */,
				A507E4FF299D96F90034EC15 /* Frameworks */,
				A507E500299D96F90034EC15 /* Resources */,
			);
			buildRules = (
			);
			dependencies = (
			);
			name = Gurram_CalculatorApp;
			productName = Gurram_CalculatorApp;
			productReference = A507E502299D96F90034EC15 /* Gurram_CalculatorApp.app */;
			productType = "com.apple.product-type.application";
		};
		A507E517299D96FD0034EC15 /* Gurram_CalculatorAppTests */ = {
			isa = PBXNativeTarget;
			buildConfigurationList = A507E52F299D96FD0034EC15 /* Build configuration list for PBXNativeTarget "Gurram_CalculatorAppTests" */;
			buildPhases = (
				A507E514299D96FD0034EC15 /* Sources */,
				A507E515299D96FD0034EC15 /* Frameworks */,
				A507E516299D96FD0034EC15 /* Resources */,
			);
			buildRules = (
			);
			dependencies = (
				A507E51A299D96FD0034EC15 /* PBXTargetDependency */,
			);
			name = Gurram_CalculatorAppTests;
			productName = Gurram_CalculatorAppTests;
			productReference = A507E518299D96FD0034EC15 /* Gurram_CalculatorAppTests.xctest */;
			productType = "com.apple.product-type.bundle.unit-test";
		};
		A507E521299D96FD0034EC15 /* Gurram_CalculatorAppUITests */ = {
			isa = PBXNativeTarget;
			buildConfigurationList = A507E532299D96FD0034EC15 /* Build configuration list for PBXNativeTarget "Gurram_CalculatorAppUITests" */;
			buildPhases = (
				A507E51E299D96FD0034EC15 /* Sources */,
				A507E51F299D96FD0034EC15 /* Frameworks */,
				A507E520299D96FD0034EC15 /* Resources */,
			);
			buildRules = (
			);
			dependencies = (
				A507E524299D96FD0034EC15 /* PBXTargetDependency */,
			);
			name = Gurram_CalculatorAppUITests;
			productName = Gurram_CalculatorAppUITests;
			productReference = A507E522299D96FD0034EC15 /* Gurram_CalculatorAppUITests.xctest */;
			productType = "com.apple.product-type.bundle.ui-testing";
		};
/* End PBXNativeTarget section */

/* Begin PBXProject section */
		A507E4FA299D96F90034EC15 /* Project object */ = {
			isa = PBXProject;
			attributes = {
				BuildIndependentTargetsInParallel = 1;
				LastSwiftUpdateCheck = 1340;
				LastUpgradeCheck = 1340;
				TargetAttributes = {
					A507E501299D96F90034EC15 = {
						CreatedOnToolsVersion = 13.4.1;
					};
					A507E517299D96FD0034EC15 = {
						CreatedOnToolsVersion = 13.4.1;
						TestTargetID = A507E501299D96F90034EC15;
					};
					A507E521299D96FD0034EC15 = {
						CreatedOnToolsVersion = 13.4.1;
						TestTargetID = A507E501299D96F90034EC15;
					};
				};
			};
			buildConfigurationList = A507E4FD299D96F90034EC15 /* Build configuration list for PBXProject "Gurram_CalculatorApp" */;
			compatibilityVersion = "Xcode 13.0";
			developmentRegion = en;
			hasScannedForEncodings = 0;
			knownRegions = (
				en,
				Base,
			);
			mainGroup = A507E4F9299D96F80034EC15;
			productRefGroup = A507E503299D96F90034EC15 /* Products */;
			projectDirPath = "";
			projectRoot = "";
			targets = (
				A507E501299D96F90034EC15 /* Gurram_CalculatorApp */,
				A507E517299D96FD0034EC15 /* Gurram_CalculatorAppTests */,
				A507E521299D96FD0034EC15 /* Gurram_CalculatorAppUITests */,
			);
		};
/* End PBXProject section */

/* Begin PBXResourcesBuildPhase section */
		A507E500299D96F90034EC15 /* Resources */ = {
			isa = PBXResourcesBuildPhase;
			buildActionMask = 2147483647;
			files = (
				A507E512299D96FD0034EC15 /* LaunchScreen.storyboard in Resources */,
				A507E50F299D96FD0034EC15 /* Assets.xcassets in Resources */,
				A507E50D299D96F90034EC15 /* Main.storyboard in Resources */,
			);
			runOnlyForDeploymentPostprocessing = 0;
		};
		A507E516299D96FD0034EC15 /* Resources */ = {
			isa = PBXResourcesBuildPhase;
			buildActionMask = 2147483647;
			files = (
			);
			runOnlyForDeploymentPostprocessing = 0;
		};
		A507E520299D96FD0034EC15 /* Resources */ = {
			isa = PBXResourcesBuildPhase;
			buildActionMask = 2147483647;
			files = (
			);
			runOnlyForDeploymentPostprocessing = 0;
		};
/* End PBXResourcesBuildPhase section */

/* Begin PBXSourcesBuildPhase section */
		A507E4FE299D96F90034EC15 /* Sources */ = {
			isa = PBXSourcesBuildPhase;
			buildActionMask = 2147483647;
			files = (
				A507E50A299D96F90034EC15 /* ViewController.swift in Sources */,
				A507E506299D96F90034EC15 /* AppDelegate.swift in Sources */,
				A507E508299D96F90034EC15 /* SceneDelegate.swift in Sources */,
			);
			runOnlyForDeploymentPostprocessing = 0;
		};
		A507E514299D96FD0034EC15 /* Sources */ = {
			isa = PBXSourcesBuildPhase;
			buildActionMask = 2147483647;
			files = (
				A507E51D299D96FD0034EC15 /* Gurram_CalculatorAppTests.swift in Sources */,
			);
			runOnlyForDeploymentPostprocessing = 0;
		};
		A507E51E299D96FD0034EC15 /* Sources */ = {
			isa = PBXSourcesBuildPhase;
			buildActionMask = 2147483647;
			files = (
				A507E529299D96FD0034EC15 /* Gurram_CalculatorAppUITestsLaunchTests.swift in Sources */,
				A507E527299D96FD0034EC15 /* Gurram_CalculatorAppUITests.swift in Sources */,
			);
			runOnlyForDeploymentPostprocessing = 0;
		};
/* End PBXSourcesBuildPhase section */

/* Begin PBXTargetDependency section */
		A507E51A299D96FD0034EC15 /* PBXTargetDependency */ = {
			isa = PBXTargetDependency;
			target = A507E501299D96F90034EC15 /* Gurram_CalculatorApp */;
			targetProxy = A507E519299D96FD0034EC15 /* PBXContainerItemProxy */;
		};
		A507E524299D96FD0034EC15 /* PBXTargetDependency */ = {
			isa = PBXTargetDependency;
			target = A507E501299D96F90034EC15 /* Gurram_CalculatorApp */;
			targetProxy = A507E523299D96FD0034EC15 /* PBXContainerItemProxy */;
		};
/* End PBXTargetDependency section */

/* Begin PBXVariantGroup section */
		A507E50B299D96F90034EC15 /* Main.storyboard */ = {
			isa = PBXVariantGroup;
			children = (
				A507E50C299D96F90034EC15 /* Base */,
			);
			name = Main.storyboard;
			sourceTree = "<group>";
		};
		A507E510299D96FD0034EC15 /* LaunchScreen.storyboard */ = {
			isa = PBXVariantGroup;
			children = (
				A507E511299D96FD0034EC15 /* Base */,
			);
			name = LaunchScreen.storyboard;
			sourceTree = "<group>";
		};
/* End PBXVariantGroup section */

/* Begin XCBuildConfiguration section */
		A507E52A299D96FD0034EC15 /* Debug */ = {
			isa = XCBuildConfiguration;
			buildSettings = {
				ALWAYS_SEARCH_USER_PATHS = NO;
				CLANG_ANALYZER_NONNULL = YES;
				CLANG_ANALYZER_NUMBER_OBJECT_CONVERSION = YES_AGGRESSIVE;
				CLANG_CXX_LANGUAGE_STANDARD = "gnu++17";
				CLANG_ENABLE_MODULES = YES;
				CLANG_ENABLE_OBJC_ARC = YES;
				CLANG_ENABLE_OBJC_WEAK = YES;
				CLANG_WARN_BLOCK_CAPTURE_AUTORELEASING = YES;
				CLANG_WARN_BOOL_CONVERSION = YES;
				CLANG_WARN_COMMA = YES;
				CLANG_WARN_CONSTANT_CONVERSION = YES;
				CLANG_WARN_DEPRECATED_OBJC_IMPLEMENTATIONS = YES;
				CLANG_WARN_DIRECT_OBJC_ISA_USAGE = YES_ERROR;
				CLANG_WARN_DOCUMENTATION_COMMENTS = YES;
				CLANG_WARN_EMPTY_BODY = YES;
				CLANG_WARN_ENUM_CONVERSION = YES;
				CLANG_WARN_INFINITE_RECURSION = YES;
				CLANG_WARN_INT_CONVERSION = YES;
				CLANG_WARN_NON_LITERAL_NULL_CONVERSION = YES;
				CLANG_WARN_OBJC_IMPLICIT_RETAIN_SELF = YES;
				CLANG_WARN_OBJC_LITERAL_CONVERSION = YES;
				CLANG_WARN_OBJC_ROOT_CLASS = YES_ERROR;
				CLANG_WARN_QUOTED_INCLUDE_IN_FRAMEWORK_HEADER = YES;
				CLANG_WARN_RANGE_LOOP_ANALYSIS = YES;
				CLANG_WARN_STRICT_PROTOTYPES = YES;
				CLANG_WARN_SUSPICIOUS_MOVE = YES;
				CLANG_WARN_UNGUARDED_AVAILABILITY = YES_AGGRESSIVE;
				CLANG_WARN_UNREACHABLE_CODE = YES;
				CLANG_WARN__DUPLICATE_METHOD_MATCH = YES;
				COPY_PHASE_STRIP = NO;
				DEBUG_INFORMATION_FORMAT = dwarf;
				ENABLE_STRICT_OBJC_MSGSEND = YES;
				ENABLE_TESTABILITY = YES;
				GCC_C_LANGUAGE_STANDARD = gnu11;
				GCC_DYNAMIC_NO_PIC = NO;
				GCC_NO_COMMON_BLOCKS = YES;
				GCC_OPTIMIZATION_LEVEL = 0;
				GCC_PREPROCESSOR_DEFINITIONS = (
					"DEBUG=1",
					"$(inherited)",
				);
				GCC_WARN_64_TO_32_BIT_CONVERSION = YES;
				GCC_WARN_ABOUT_RETURN_TYPE = YES_ERROR;
				GCC_WARN_UNDECLARED_SELECTOR = YES;
				GCC_WARN_UNINITIALIZED_AUTOS = YES_AGGRESSIVE;
				GCC_WARN_UNUSED_FUNCTION = YES;
				GCC_WARN_UNUSED_VARIABLE = YES;
				IPHONEOS_DEPLOYMENT_TARGET = 15.5;
				MTL_ENABLE_DEBUG_INFO = INCLUDE_SOURCE;
				MTL_FAST_MATH = YES;
				ONLY_ACTIVE_ARCH = YES;
				SDKROOT = iphoneos;
				SWIFT_ACTIVE_COMPILATION_CONDITIONS = DEBUG;
				SWIFT_OPTIMIZATION_LEVEL = "-Onone";
			};
			name = Debug;
		};
		A507E52B299D96FD0034EC15 /* Release */ = {
			isa = XCBuildConfiguration;
			buildSettings = {
				ALWAYS_SEARCH_USER_PATHS = NO;
				CLANG_ANALYZER_NONNULL = YES;
				CLANG_ANALYZER_NUMBER_OBJECT_CONVERSION = YES_AGGRESSIVE;
				CLANG_CXX_LANGUAGE_STANDARD = "gnu++17";
				CLANG_ENABLE_MODULES = YES;
				CLANG_ENABLE_OBJC_ARC = YES;
				CLANG_ENABLE_OBJC_WEAK = YES;
				CLANG_WARN_BLOCK_CAPTURE_AUTORELEASING = YES;
				CLANG_WARN_BOOL_CONVERSION = YES;
				CLANG_WARN_COMMA = YES;
				CLANG_WARN_CONSTANT_CONVERSION = YES;
				CLANG_WARN_DEPRECATED_OBJC_IMPLEMENTATIONS = YES;
				CLANG_WARN_DIRECT_OBJC_ISA_USAGE = YES_ERROR;
				CLANG_WARN_DOCUMENTATION_COMMENTS = YES;
				CLANG_WARN_EMPTY_BODY = YES;
				CLANG_WARN_ENUM_CONVERSION = YES;
				CLANG_WARN_INFINITE_RECURSION = YES;
				CLANG_WARN_INT_CONVERSION = YES;
				CLANG_WARN_NON_LITERAL_NULL_CONVERSION = YES;
				CLANG_WARN_OBJC_IMPLICIT_RETAIN_SELF = YES;
				CLANG_WARN_OBJC_LITERAL_CONVERSION = YES;
				CLANG_WARN_OBJC_ROOT_CLASS = YES_ERROR;
				CLANG_WARN_QUOTED_INCLUDE_IN_FRAMEWORK_HEADER = YES;
				CLANG_WARN_RANGE_LOOP_ANALYSIS = YES;
				CLANG_WARN_STRICT_PROTOTYPES = YES;
				CLANG_WARN_SUSPICIOUS_MOVE = YES;
				CLANG_WARN_UNGUARDED_AVAILABILITY = YES_AGGRESSIVE;
				CLANG_WARN_UNREACHABLE_CODE = YES;
				CLANG_WARN__DUPLICATE_METHOD_MATCH = YES;
				COPY_PHASE_STRIP = NO;
				DEBUG_INFORMATION_FORMAT = "dwarf-with-dsym";
				ENABLE_NS_ASSERTIONS = NO;
				ENABLE_STRICT_OBJC_MSGSEND = YES;
				GCC_C_LANGUAGE_STANDARD = gnu11;
				GCC_NO_COMMON_BLOCKS = YES;
				GCC_WARN_64_TO_32_BIT_CONVERSION = YES;
				GCC_WARN_ABOUT_RETURN_TYPE = YES_ERROR;
				GCC_WARN_UNDECLARED_SELECTOR = YES;
				GCC_WARN_UNINITIALIZED_AUTOS = YES_AGGRESSIVE;
				GCC_WARN_UNUSED_FUNCTION = YES;
				GCC_WARN_UNUSED_VARIABLE = YES;
				IPHONEOS_DEPLOYMENT_TARGET = 15.5;
				MTL_ENABLE_DEBUG_INFO = NO;
				MTL_FAST_MATH = YES;
				SDKROOT = iphoneos;
				SWIFT_COMPILATION_MODE = wholemodule;
				SWIFT_OPTIMIZATION_LEVEL = "-O";
				VALIDATE_PRODUCT = YES;
			};
			name = Release;
		};
		A507E52D299D96FD0034EC15 /* Debug */ = {
			isa = XCBuildConfiguration;
			buildSettings = {
				ASSETCATALOG_COMPILER_APPICON_NAME = AppIcon;
				ASSETCATALOG_COMPILER_GLOBAL_ACCENT_COLOR_NAME = AccentColor;
				CODE_SIGN_STYLE = Automatic;
				CURRENT_PROJECT_VERSION = 1;
				GENERATE_INFOPLIST_FILE = YES;
				INFOPLIST_FILE = Gurram_CalculatorApp/Info.plist;
				INFOPLIST_KEY_CFBundleDisplayName = Gurram_CalculatorApp;
				INFOPLIST_KEY_UIApplicationSupportsIndirectInputEvents = YES;
				INFOPLIST_KEY_UILaunchStoryboardName = LaunchScreen;
				INFOPLIST_KEY_UIMainStoryboardFile = Main;
				INFOPLIST_KEY_UISupportedInterfaceOrientations_iPad = "UIInterfaceOrientationPortrait UIInterfaceOrientationPortraitUpsideDown UIInterfaceOrientationLandscapeLeft UIInterfaceOrientationLandscapeRight";
				INFOPLIST_KEY_UISupportedInterfaceOrientations_iPhone = "UIInterfaceOrientationPortrait UIInterfaceOrientationLandscapeLeft UIInterfaceOrientationLandscapeRight";
				LD_RUNPATH_SEARCH_PATHS = (
					"$(inherited)",
					"@executable_path/Frameworks",
				);
				MARKETING_VERSION = 1.0;
				PRODUCT_BUNDLE_IDENTIFIER = "nwmissouri.edu.Gurram-CalculatorApp";
				PRODUCT_NAME = "$(TARGET_NAME)";
				SWIFT_EMIT_LOC_STRINGS = YES;
				SWIFT_VERSION = 5.0;
				TARGETED_DEVICE_FAMILY = "1,2";
			};
			name = Debug;
		};
		A507E52E299D96FD0034EC15 /* Release */ = {
			isa = XCBuildConfiguration;
			buildSettings = {
				ASSETCATALOG_COMPILER_APPICON_NAME = AppIcon;
				ASSETCATALOG_COMPILER_GLOBAL_ACCENT_COLOR_NAME = AccentColor;
				CODE_SIGN_STYLE = Automatic;
				CURRENT_PROJECT_VERSION = 1;
				GENERATE_INFOPLIST_FILE = YES;
				INFOPLIST_FILE = Gurram_CalculatorApp/Info.plist;
				INFOPLIST_KEY_CFBundleDisplayName = Gurram_CalculatorApp;
				INFOPLIST_KEY_UIApplicationSupportsIndirectInputEvents = YES;
				INFOPLIST_KEY_UILaunchStoryboardName = LaunchScreen;
				INFOPLIST_KEY_UIMainStoryboardFile = Main;
				INFOPLIST_KEY_UISupportedInterfaceOrientations_iPad = "UIInterfaceOrientationPortrait UIInterfaceOrientationPortraitUpsideDown UIInterfaceOrientationLandscapeLeft UIInterfaceOrientationLandscapeRight";
				INFOPLIST_KEY_UISupportedInterfaceOrientations_iPhone = "UIInterfaceOrientationPortrait UIInterfaceOrientationLandscapeLeft UIInterfaceOrientationLandscapeRight";
				LD_RUNPATH_SEARCH_PATHS = (
					"$(inherited)",
					"@executable_path/Frameworks",
				);
				MARKETING_VERSION = 1.0;
				PRODUCT_BUNDLE_IDENTIFIER = "nwmissouri.edu.Gurram-CalculatorApp";
				PRODUCT_NAME = "$(TARGET_NAME)";
				SWIFT_EMIT_LOC_STRINGS = YES;
				SWIFT_VERSION = 5.0;
				TARGETED_DEVICE_FAMILY = "1,2";
			};
			name = Release;
		};
		A507E530299D96FD0034EC15 /* Debug */ = {
			isa = XCBuildConfiguration;
			buildSettings = {
				ALWAYS_EMBED_SWIFT_STANDARD_LIBRARIES = YES;
				BUNDLE_LOADER = "$(TEST_HOST)";
				CODE_SIGN_STYLE = Automatic;
				CURRENT_PROJECT_VERSION = 1;
				GENERATE_INFOPLIST_FILE = YES;
				IPHONEOS_DEPLOYMENT_TARGET = 15.5;
				MARKETING_VERSION = 1.0;
				PRODUCT_BUNDLE_IDENTIFIER = "nwmissouri.edu.Gurram-CalculatorAppTests";
				PRODUCT_NAME = "$(TARGET_NAME)";
				SWIFT_EMIT_LOC_STRINGS = NO;
				SWIFT_VERSION = 5.0;
				TARGETED_DEVICE_FAMILY = "1,2";
				TEST_HOST = "$(BUILT_PRODUCTS_DIR)/Gurram_CalculatorApp.app/Gurram_CalculatorApp";
			};
			name = Debug;
		};
		A507E531299D96FD0034EC15 /* Release */ = {
			isa = XCBuildConfiguration;
			buildSettings = {
				ALWAYS_EMBED_SWIFT_STANDARD_LIBRARIES = YES;
				BUNDLE_LOADER = "$(TEST_HOST)";
				CODE_SIGN_STYLE = Automatic;
				CURRENT_PROJECT_VERSION = 1;
				GENERATE_INFOPLIST_FILE = YES;
				IPHONEOS_DEPLOYMENT_TARGET = 15.5;
				MARKETING_VERSION = 1.0;
				PRODUCT_BUNDLE_IDENTIFIER = "nwmissouri.edu.Gurram-CalculatorAppTests";
				PRODUCT_NAME = "$(TARGET_NAME)";
				SWIFT_EMIT_LOC_STRINGS = NO;
				SWIFT_VERSION = 5.0;
				TARGETED_DEVICE_FAMILY = "1,2";
				TEST_HOST = "$(BUILT_PRODUCTS_DIR)/Gurram_CalculatorApp.app/Gurram_CalculatorApp";
			};
			name = Release;
		};
		A507E533299D96FD0034EC15 /* Debug */ = {
			isa = XCBuildConfiguration;
			buildSettings = {
				ALWAYS_EMBED_SWIFT_STANDARD_LIBRARIES = YES;
				CODE_SIGN_STYLE = Automatic;
				CURRENT_PROJECT_VERSION = 1;
				GENERATE_INFOPLIST_FILE = YES;
				MARKETING_VERSION = 1.0;
				PRODUCT_BUNDLE_IDENTIFIER = "nwmissouri.edu.Gurram-CalculatorAppUITests";
				PRODUCT_NAME = "$(TARGET_NAME)";
				SWIFT_EMIT_LOC_STRINGS = NO;
				SWIFT_VERSION = 5.0;
				TARGETED_DEVICE_FAMILY = "1,2";
				TEST_TARGET_NAME = Gurram_CalculatorApp;
			};
			name = Debug;
		};
		A507E534299D96FD0034EC15 /* Release */ = {
			isa = XCBuildConfiguration;
			buildSettings = {
				ALWAYS_EMBED_SWIFT_STANDARD_LIBRARIES = YES;
				CODE_SIGN_STYLE = Automatic;
				CURRENT_PROJECT_VERSION = 1;
				GENERATE_INFOPLIST_FILE = YES;
				MARKETING_VERSION = 1.0;
				PRODUCT_BUNDLE_IDENTIFIER = "nwmissouri.edu.Gurram-CalculatorAppUITests";
				PRODUCT_NAME = "$(TARGET_NAME)";
				SWIFT_EMIT_LOC_STRINGS = NO;
				SWIFT_VERSION = 5.0;
				TARGETED_DEVICE_FAMILY = "1,2";
				TEST_TARGET_NAME = Gurram_CalculatorApp;
			};
			name = Release;
		};
/* End XCBuildConfiguration section */

/* Begin XCConfigurationList section */
		A507E4FD299D96F90034EC15 /* Build configuration list for PBXProject "Gurram_CalculatorApp" */ = {
			isa = XCConfigurationList;
			buildConfigurations = (
				A507E52A299D96FD0034EC15 /* Debug */,
				A507E52B299D96FD0034EC15 /* Release */,
			);
			defaultConfigurationIsVisible = 0;
			defaultConfigurationName = Release;
		};
		A507E52C299D96FD0034EC15 /* Build configuration list for PBXNativeTarget "Gurram_CalculatorApp" */ = {
			isa = XCConfigurationList;
			buildConfigurations = (
				A507E52D299D96FD0034EC15 /* Debug */,
				A507E52E299D96FD0034EC15 /* Release */,
			);
			defaultConfigurationIsVisible = 0;
			defaultConfigurationName = Release;
		};
		A507E52F299D96FD0034EC15 /* Build configuration list for PBXNativeTarget "Gurram_CalculatorAppTests" */ = {
			isa = XCConfigurationList;
			buildConfigurations = (
				A507E530299D96FD0034EC15 /* Debug */,
				A507E531299D96FD0034EC15 /* Release */,
			);
			defaultConfigurationIsVisible = 0;
			defaultConfigurationName = Release;
		};
		A507E532299D96FD0034EC15 /* Build configuration list for PBXNativeTarget "Gurram_CalculatorAppUITests" */ = {
			isa = XCConfigurationList;
			buildConfigurations = (
				A507E533299D96FD0034EC15 /* Debug */,
				A507E534299D96FD0034EC15 /* Release */,
			);
			defaultConfigurationIsVisible = 0;
			defaultConfigurationName = Release;
		};
/* End XCConfigurationList section */
	};
	rootObject = A507E4FA299D96F90034EC15 /* Project object */;
}
