// !$*UTF8*$!
{
	archiveVersion = 1;
	classes = {
	};
	objectVersion = 55;
	objects = {

/* Begin PBXBuildFile section */
		A5C22D9029A7B045007391A0 /* AppDelegate.swift in Sources */ = {isa = PBXBuildFile; fileRef = A5C22D8F29A7B045007391A0 /* AppDelegate.swift */; };
		A5C22D9229A7B045007391A0 /* SceneDelegate.swift in Sources */ = {isa = PBXBuildFile; fileRef = A5C22D9129A7B045007391A0 /* SceneDelegate.swift */; };
		A5C22D9429A7B045007391A0 /* ViewController.swift in Sources */ = {isa = PBXBuildFile; fileRef = A5C22D9329A7B045007391A0 /* ViewController.swift */; };
		A5C22D9729A7B045007391A0 /* Main.storyboard in Resources */ = {isa = PBXBuildFile; fileRef = A5C22D9529A7B045007391A0 /* Main.storyboard */; };
		A5C22D9929A7B049007391A0 /* Assets.xcassets in Resources */ = {isa = PBXBuildFile; fileRef = A5C22D9829A7B049007391A0 /* Assets.xcassets */; };
		A5C22D9C29A7B049007391A0 /* LaunchScreen.storyboard in Resources */ = {isa = PBXBuildFile; fileRef = A5C22D9A29A7B049007391A0 /* LaunchScreen.storyboard */; };
		A5C22DA729A7B049007391A0 /* temperatureeTests.swift in Sources */ = {isa = PBXBuildFile; fileRef = A5C22DA629A7B049007391A0 /* temperatureeTests.swift */; };
		A5C22DB129A7B049007391A0 /* temperatureeUITests.swift in Sources */ = {isa = PBXBuildFile; fileRef = A5C22DB029A7B049007391A0 /* temperatureeUITests.swift */; };
		A5C22DB329A7B049007391A0 /* temperatureeUITestsLaunchTests.swift in Sources */ = {isa = PBXBuildFile; fileRef = A5C22DB229A7B049007391A0 /* temperatureeUITestsLaunchTests.swift */; };
/* End PBXBuildFile section */

/* Begin PBXContainerItemProxy section */
		A5C22DA329A7B049007391A0 /* PBXContainerItemProxy */ = {
			isa = PBXContainerItemProxy;
			containerPortal = A5C22D8429A7B045007391A0 /* Project object */;
			proxyType = 1;
			remoteGlobalIDString = A5C22D8B29A7B045007391A0;
			remoteInfo = temperaturee;
		};
		A5C22DAD29A7B049007391A0 /* PBXContainerItemProxy */ = {
			isa = PBXContainerItemProxy;
			containerPortal = A5C22D8429A7B045007391A0 /* Project object */;
			proxyType = 1;
			remoteGlobalIDString = A5C22D8B29A7B045007391A0;
			remoteInfo = temperaturee;
		};
/* End PBXContainerItemProxy section */

/* Begin PBXFileReference section */
		A5C22D8C29A7B045007391A0 /* temperaturee.app */ = {isa = PBXFileReference; explicitFileType = wrapper.application; includeInIndex = 0; path = temperaturee.app; sourceTree = BUILT_PRODUCTS_DIR; };
		A5C22D8F29A7B045007391A0 /* AppDelegate.swift */ = {isa = PBXFileReference; lastKnownFileType = sourcecode.swift; path = AppDelegate.swift; sourceTree = "<group>"; };
		A5C22D9129A7B045007391A0 /* SceneDelegate.swift */ = {isa = PBXFileReference; lastKnownFileType = sourcecode.swift; path = SceneDelegate.swift; sourceTree = "<group>"; };
		A5C22D9329A7B045007391A0 /* ViewController.swift */ = {isa = PBXFileReference; lastKnownFileType = sourcecode.swift; path = ViewController.swift; sourceTree = "<group>"; };
		A5C22D9629A7B045007391A0 /* Base */ = {isa = PBXFileReference; lastKnownFileType = file.storyboard; name = Base; path = Base.lproj/Main.storyboard; sourceTree = "<group>"; };
		A5C22D9829A7B049007391A0 /* Assets.xcassets */ = {isa = PBXFileReference; lastKnownFileType = folder.assetcatalog; path = Assets.xcassets; sourceTree = "<group>"; };
		A5C22D9B29A7B049007391A0 /* Base */ = {isa = PBXFileReference; lastKnownFileType = file.storyboard; name = Base; path = Base.lproj/LaunchScreen.storyboard; sourceTree = "<group>"; };
		A5C22D9D29A7B049007391A0 /* Info.plist */ = {isa = PBXFileReference; lastKnownFileType = text.plist.xml; path = Info.plist; sourceTree = "<group>"; };
		A5C22DA229A7B049007391A0 /* temperatureeTests.xctest */ = {isa = PBXFileReference; explicitFileType = wrapper.cfbundle; includeInIndex = 0; path = temperatureeTests.xctest; sourceTree = BUILT_PRODUCTS_DIR; };
		A5C22DA629A7B049007391A0 /* temperatureeTests.swift */ = {isa = PBXFileReference; lastKnownFileType = sourcecode.swift; path = temperatureeTests.swift; sourceTree = "<group>"; };
		A5C22DAC29A7B049007391A0 /* temperatureeUITests.xctest */ = {isa = PBXFileReference; explicitFileType = wrapper.cfbundle; includeInIndex = 0; path = temperatureeUITests.xctest; sourceTree = BUILT_PRODUCTS_DIR; };
		A5C22DB029A7B049007391A0 /* temperatureeUITests.swift */ = {isa = PBXFileReference; lastKnownFileType = sourcecode.swift; path = temperatureeUITests.swift; sourceTree = "<group>"; };
		A5C22DB229A7B049007391A0 /* temperatureeUITestsLaunchTests.swift */ = {isa = PBXFileReference; lastKnownFileType = sourcecode.swift; path = temperatureeUITestsLaunchTests.swift; sourceTree = "<group>"; };
/* End PBXFileReference section */

/* Begin PBXFrameworksBuildPhase section */
		A5C22D8929A7B045007391A0 /* Frameworks */ = {
			isa = PBXFrameworksBuildPhase;
			buildActionMask = 2147483647;
			files = (
			);
			runOnlyForDeploymentPostprocessing = 0;
		};
		A5C22D9F29A7B049007391A0 /* Frameworks */ = {
			isa = PBXFrameworksBuildPhase;
			buildActionMask = 2147483647;
			files = (
			);
			runOnlyForDeploymentPostprocessing = 0;
		};
		A5C22DA929A7B049007391A0 /* Frameworks */ = {
			isa = PBXFrameworksBuildPhase;
			buildActionMask = 2147483647;
			files = (
			);
			runOnlyForDeploymentPostprocessing = 0;
		};
/* End PBXFrameworksBuildPhase section */

/* Begin PBXGroup section */
		A5C22D8329A7B045007391A0 = {
			isa = PBXGroup;
			children = (
				A5C22D8E29A7B045007391A0 /* temperaturee */,
				A5C22DA529A7B049007391A0 /* temperatureeTests */,
				A5C22DAF29A7B049007391A0 /* temperatureeUITests */,
				A5C22D8D29A7B045007391A0 /* Products */,
			);
			sourceTree = "<group>";
		};
		A5C22D8D29A7B045007391A0 /* Products */ = {
			isa = PBXGroup;
			children = (
				A5C22D8C29A7B045007391A0 /* temperaturee.app */,
				A5C22DA229A7B049007391A0 /* temperatureeTests.xctest */,
				A5C22DAC29A7B049007391A0 /* temperatureeUITests.xctest */,
			);
			name = Products;
			sourceTree = "<group>";
		};
		A5C22D8E29A7B045007391A0 /* temperaturee */ = {
			isa = PBXGroup;
			children = (
				A5C22D8F29A7B045007391A0 /* AppDelegate.swift */,
				A5C22D9129A7B045007391A0 /* SceneDelegate.swift */,
				A5C22D9329A7B045007391A0 /* ViewController.swift */,
				A5C22D9529A7B045007391A0 /* Main.storyboard */,
				A5C22D9829A7B049007391A0 /* Assets.xcassets */,
				A5C22D9A29A7B049007391A0 /* LaunchScreen.storyboard */,
				A5C22D9D29A7B049007391A0 /* Info.plist */,
			);
			path = temperaturee;
			sourceTree = "<group>";
		};
		A5C22DA529A7B049007391A0 /* temperatureeTests */ = {
			isa = PBXGroup;
			children = (
				A5C22DA629A7B049007391A0 /* temperatureeTests.swift */,
			);
			path = temperatureeTests;
			sourceTree = "<group>";
		};
		A5C22DAF29A7B049007391A0 /* temperatureeUITests */ = {
			isa = PBXGroup;
			children = (
				A5C22DB029A7B049007391A0 /* temperatureeUITests.swift */,
				A5C22DB229A7B049007391A0 /* temperatureeUITestsLaunchTests.swift */,
			);
			path = temperatureeUITests;
			sourceTree = "<group>";
		};
/* End PBXGroup section */

/* Begin PBXNativeTarget section */
		A5C22D8B29A7B045007391A0 /* temperaturee */ = {
			isa = PBXNativeTarget;
			buildConfigurationList = A5C22DB629A7B049007391A0 /* Build configuration list for PBXNativeTarget "temperaturee" */;
			buildPhases = (
				A5C22D8829A7B045007391A0 /* Sources */,
				A5C22D8929A7B045007391A0 /* Frameworks */,
				A5C22D8A29A7B045007391A0 /* Resources */,
			);
			buildRules = (
			);
			dependencies = (
			);
			name = temperaturee;
			productName = temperaturee;
			productReference = A5C22D8C29A7B045007391A0 /* temperaturee.app */;
			productType = "com.apple.product-type.application";
		};
		A5C22DA129A7B049007391A0 /* temperatureeTests */ = {
			isa = PBXNativeTarget;
			buildConfigurationList = A5C22DB929A7B049007391A0 /* Build configuration list for PBXNativeTarget "temperatureeTests" */;
			buildPhases = (
				A5C22D9E29A7B049007391A0 /* Sources */,
				A5C22D9F29A7B049007391A0 /* Frameworks */,
				A5C22DA029A7B049007391A0 /* Resources */,
			);
			buildRules = (
			);
			dependencies = (
				A5C22DA429A7B049007391A0 /* PBXTargetDependency */,
			);
			name = temperatureeTests;
			productName = temperatureeTests;
			productReference = A5C22DA229A7B049007391A0 /* temperatureeTests.xctest */;
			productType = "com.apple.product-type.bundle.unit-test";
		};
		A5C22DAB29A7B049007391A0 /* temperatureeUITests */ = {
			isa = PBXNativeTarget;
			buildConfigurationList = A5C22DBC29A7B049007391A0 /* Build configuration list for PBXNativeTarget "temperatureeUITests" */;
			buildPhases = (
				A5C22DA829A7B049007391A0 /* Sources */,
				A5C22DA929A7B049007391A0 /* Frameworks */,
				A5C22DAA29A7B049007391A0 /* Resources */,
			);
			buildRules = (
			);
			dependencies = (
				A5C22DAE29A7B049007391A0 /* PBXTargetDependency */,
			);
			name = temperatureeUITests;
			productName = temperatureeUITests;
			productReference = A5C22DAC29A7B049007391A0 /* temperatureeUITests.xctest */;
			productType = "com.apple.product-type.bundle.ui-testing";
		};
/* End PBXNativeTarget section */

/* Begin PBXProject section */
		A5C22D8429A7B045007391A0 /* Project object */ = {
			isa = PBXProject;
			attributes = {
				BuildIndependentTargetsInParallel = 1;
				LastSwiftUpdateCheck = 1340;
				LastUpgradeCheck = 1340;
				TargetAttributes = {
					A5C22D8B29A7B045007391A0 = {
						CreatedOnToolsVersion = 13.4.1;
					};
					A5C22DA129A7B049007391A0 = {
						CreatedOnToolsVersion = 13.4.1;
						TestTargetID = A5C22D8B29A7B045007391A0;
					};
					A5C22DAB29A7B049007391A0 = {
						CreatedOnToolsVersion = 13.4.1;
						TestTargetID = A5C22D8B29A7B045007391A0;
					};
				};
			};
			buildConfigurationList = A5C22D8729A7B045007391A0 /* Build configuration list for PBXProject "temperaturee" */;
			compatibilityVersion = "Xcode 13.0";
			developmentRegion = en;
			hasScannedForEncodings = 0;
			knownRegions = (
				en,
				Base,
			);
			mainGroup = A5C22D8329A7B045007391A0;
			productRefGroup = A5C22D8D29A7B045007391A0 /* Products */;
			projectDirPath = "";
			projectRoot = "";
			targets = (
				A5C22D8B29A7B045007391A0 /* temperaturee */,
				A5C22DA129A7B049007391A0 /* temperatureeTests */,
				A5C22DAB29A7B049007391A0 /* temperatureeUITests */,
			);
		};
/* End PBXProject section */

/* Begin PBXResourcesBuildPhase section */
		A5C22D8A29A7B045007391A0 /* Resources */ = {
			isa = PBXResourcesBuildPhase;
			buildActionMask = 2147483647;
			files = (
				A5C22D9C29A7B049007391A0 /* LaunchScreen.storyboard in Resources */,
				A5C22D9929A7B049007391A0 /* Assets.xcassets in Resources */,
				A5C22D9729A7B045007391A0 /* Main.storyboard in Resources */,
			);
			runOnlyForDeploymentPostprocessing = 0;
		};
		A5C22DA029A7B049007391A0 /* Resources */ = {
			isa = PBXResourcesBuildPhase;
			buildActionMask = 2147483647;
			files = (
			);
			runOnlyForDeploymentPostprocessing = 0;
		};
		A5C22DAA29A7B049007391A0 /* Resources */ = {
			isa = PBXResourcesBuildPhase;
			buildActionMask = 2147483647;
			files = (
			);
			runOnlyForDeploymentPostprocessing = 0;
		};
/* End PBXResourcesBuildPhase section */

/* Begin PBXSourcesBuildPhase section */
		A5C22D8829A7B045007391A0 /* Sources */ = {
			isa = PBXSourcesBuildPhase;
			buildActionMask = 2147483647;
			files = (
				A5C22D9429A7B045007391A0 /* ViewController.swift in Sources */,
				A5C22D9029A7B045007391A0 /* AppDelegate.swift in Sources */,
				A5C22D9229A7B045007391A0 /* SceneDelegate.swift in Sources */,
			);
			runOnlyForDeploymentPostprocessing = 0;
		};
		A5C22D9E29A7B049007391A0 /* Sources */ = {
			isa = PBXSourcesBuildPhase;
			buildActionMask = 2147483647;
			files = (
				A5C22DA729A7B049007391A0 /* temperatureeTests.swift in Sources */,
			);
			runOnlyForDeploymentPostprocessing = 0;
		};
		A5C22DA829A7B049007391A0 /* Sources */ = {
			isa = PBXSourcesBuildPhase;
			buildActionMask = 2147483647;
			files = (
				A5C22DB129A7B049007391A0 /* temperatureeUITests.swift in Sources */,
				A5C22DB329A7B049007391A0 /* temperatureeUITestsLaunchTests.swift in Sources */,
			);
			runOnlyForDeploymentPostprocessing = 0;
		};
/* End PBXSourcesBuildPhase section */

/* Begin PBXTargetDependency section */
		A5C22DA429A7B049007391A0 /* PBXTargetDependency */ = {
			isa = PBXTargetDependency;
			target = A5C22D8B29A7B045007391A0 /* temperaturee */;
			targetProxy = A5C22DA329A7B049007391A0 /* PBXContainerItemProxy */;
		};
		A5C22DAE29A7B049007391A0 /* PBXTargetDependency */ = {
			isa = PBXTargetDependency;
			target = A5C22D8B29A7B045007391A0 /* temperaturee */;
			targetProxy = A5C22DAD29A7B049007391A0 /* PBXContainerItemProxy */;
		};
/* End PBXTargetDependency section */

/* Begin PBXVariantGroup section */
		A5C22D9529A7B045007391A0 /* Main.storyboard */ = {
			isa = PBXVariantGroup;
			children = (
				A5C22D9629A7B045007391A0 /* Base */,
			);
			name = Main.storyboard;
			sourceTree = "<group>";
		};
		A5C22D9A29A7B049007391A0 /* LaunchScreen.storyboard */ = {
			isa = PBXVariantGroup;
			children = (
				A5C22D9B29A7B049007391A0 /* Base */,
			);
			name = LaunchScreen.storyboard;
			sourceTree = "<group>";
		};
/* End PBXVariantGroup section */

/* Begin XCBuildConfiguration section */
		A5C22DB429A7B049007391A0 /* Debug */ = {
			isa = XCBuildConfiguration;
			buildSettings = {
				ALWAYS_SEARCH_USER_PATHS = NO;
				CLANG_ANALYZER_NONNULL = YES;
				CLANG_ANALYZER_NUMBER_OBJECT_CONVERSION = YES_AGGRESSIVE;
				CLANG_CXX_LANGUAGE_STANDARD = "gnu++17";
				CLANG_ENABLE_MODULES = YES;
				CLANG_ENABLE_OBJC_ARC = YES;
				CLANG_ENABLE_OBJC_WEAK = YES;
				CLANG_WARN_BLOCK_CAPTURE_AUTORELEASING = YES;
				CLANG_WARN_BOOL_CONVERSION = YES;
				CLANG_WARN_COMMA = YES;
				CLANG_WARN_CONSTANT_CONVERSION = YES;
				CLANG_WARN_DEPRECATED_OBJC_IMPLEMENTATIONS = YES;
				CLANG_WARN_DIRECT_OBJC_ISA_USAGE = YES_ERROR;
				CLANG_WARN_DOCUMENTATION_COMMENTS = YES;
				CLANG_WARN_EMPTY_BODY = YES;
				CLANG_WARN_ENUM_CONVERSION = YES;
				CLANG_WARN_INFINITE_RECURSION = YES;
				CLANG_WARN_INT_CONVERSION = YES;
				CLANG_WARN_NON_LITERAL_NULL_CONVERSION = YES;
				CLANG_WARN_OBJC_IMPLICIT_RETAIN_SELF = YES;
				CLANG_WARN_OBJC_LITERAL_CONVERSION = YES;
				CLANG_WARN_OBJC_ROOT_CLASS = YES_ERROR;
				CLANG_WARN_QUOTED_INCLUDE_IN_FRAMEWORK_HEADER = YES;
				CLANG_WARN_RANGE_LOOP_ANALYSIS = YES;
				CLANG_WARN_STRICT_PROTOTYPES = YES;
				CLANG_WARN_SUSPICIOUS_MOVE = YES;
				CLANG_WARN_UNGUARDED_AVAILABILITY = YES_AGGRESSIVE;
				CLANG_WARN_UNREACHABLE_CODE = YES;
				CLANG_WARN__DUPLICATE_METHOD_MATCH = YES;
				COPY_PHASE_STRIP = NO;
				DEBUG_INFORMATION_FORMAT = dwarf;
				ENABLE_STRICT_OBJC_MSGSEND = YES;
				ENABLE_TESTABILITY = YES;
				GCC_C_LANGUAGE_STANDARD = gnu11;
				GCC_DYNAMIC_NO_PIC = NO;
				GCC_NO_COMMON_BLOCKS = YES;
				GCC_OPTIMIZATION_LEVEL = 0;
				GCC_PREPROCESSOR_DEFINITIONS = (
					"DEBUG=1",
					"$(inherited)",
				);
				GCC_WARN_64_TO_32_BIT_CONVERSION = YES;
				GCC_WARN_ABOUT_RETURN_TYPE = YES_ERROR;
				GCC_WARN_UNDECLARED_SELECTOR = YES;
				GCC_WARN_UNINITIALIZED_AUTOS = YES_AGGRESSIVE;
				GCC_WARN_UNUSED_FUNCTION = YES;
				GCC_WARN_UNUSED_VARIABLE = YES;
				IPHONEOS_DEPLOYMENT_TARGET = 15.5;
				MTL_ENABLE_DEBUG_INFO = INCLUDE_SOURCE;
				MTL_FAST_MATH = YES;
				ONLY_ACTIVE_ARCH = YES;
				SDKROOT = iphoneos;
				SWIFT_ACTIVE_COMPILATION_CONDITIONS = DEBUG;
				SWIFT_OPTIMIZATION_LEVEL = "-Onone";
			};
			name = Debug;
		};
		A5C22DB529A7B049007391A0 /* Release */ = {
			isa = XCBuildConfiguration;
			buildSettings = {
				ALWAYS_SEARCH_USER_PATHS = NO;
				CLANG_ANALYZER_NONNULL = YES;
				CLANG_ANALYZER_NUMBER_OBJECT_CONVERSION = YES_AGGRESSIVE;
				CLANG_CXX_LANGUAGE_STANDARD = "gnu++17";
				CLANG_ENABLE_MODULES = YES;
				CLANG_ENABLE_OBJC_ARC = YES;
				CLANG_ENABLE_OBJC_WEAK = YES;
				CLANG_WARN_BLOCK_CAPTURE_AUTORELEASING = YES;
				CLANG_WARN_BOOL_CONVERSION = YES;
				CLANG_WARN_COMMA = YES;
				CLANG_WARN_CONSTANT_CONVERSION = YES;
				CLANG_WARN_DEPRECATED_OBJC_IMPLEMENTATIONS = YES;
				CLANG_WARN_DIRECT_OBJC_ISA_USAGE = YES_ERROR;
				CLANG_WARN_DOCUMENTATION_COMMENTS = YES;
				CLANG_WARN_EMPTY_BODY = YES;
				CLANG_WARN_ENUM_CONVERSION = YES;
				CLANG_WARN_INFINITE_RECURSION = YES;
				CLANG_WARN_INT_CONVERSION = YES;
				CLANG_WARN_NON_LITERAL_NULL_CONVERSION = YES;
				CLANG_WARN_OBJC_IMPLICIT_RETAIN_SELF = YES;
				CLANG_WARN_OBJC_LITERAL_CONVERSION = YES;
				CLANG_WARN_OBJC_ROOT_CLASS = YES_ERROR;
				CLANG_WARN_QUOTED_INCLUDE_IN_FRAMEWORK_HEADER = YES;
				CLANG_WARN_RANGE_LOOP_ANALYSIS = YES;
				CLANG_WARN_STRICT_PROTOTYPES = YES;
				CLANG_WARN_SUSPICIOUS_MOVE = YES;
				CLANG_WARN_UNGUARDED_AVAILABILITY = YES_AGGRESSIVE;
				CLANG_WARN_UNREACHABLE_CODE = YES;
				CLANG_WARN__DUPLICATE_METHOD_MATCH = YES;
				COPY_PHASE_STRIP = NO;
				DEBUG_INFORMATION_FORMAT = "dwarf-with-dsym";
				ENABLE_NS_ASSERTIONS = NO;
				ENABLE_STRICT_OBJC_MSGSEND = YES;
				GCC_C_LANGUAGE_STANDARD = gnu11;
				GCC_NO_COMMON_BLOCKS = YES;
				GCC_WARN_64_TO_32_BIT_CONVERSION = YES;
				GCC_WARN_ABOUT_RETURN_TYPE = YES_ERROR;
				GCC_WARN_UNDECLARED_SELECTOR = YES;
				GCC_WARN_UNINITIALIZED_AUTOS = YES_AGGRESSIVE;
				GCC_WARN_UNUSED_FUNCTION = YES;
				GCC_WARN_UNUSED_VARIABLE = YES;
				IPHONEOS_DEPLOYMENT_TARGET = 15.5;
				MTL_ENABLE_DEBUG_INFO = NO;
				MTL_FAST_MATH = YES;
				SDKROOT = iphoneos;
				SWIFT_COMPILATION_MODE = wholemodule;
				SWIFT_OPTIMIZATION_LEVEL = "-O";
				VALIDATE_PRODUCT = YES;
			};
			name = Release;
		};
		A5C22DB729A7B049007391A0 /* Debug */ = {
			isa = XCBuildConfiguration;
			buildSettings = {
				ASSETCATALOG_COMPILER_APPICON_NAME = AppIcon;
				ASSETCATALOG_COMPILER_GLOBAL_ACCENT_COLOR_NAME = AccentColor;
				CODE_SIGN_STYLE = Automatic;
				CURRENT_PROJECT_VERSION = 1;
				GENERATE_INFOPLIST_FILE = YES;
				INFOPLIST_FILE = temperaturee/Info.plist;
				INFOPLIST_KEY_UIApplicationSupportsIndirectInputEvents = YES;
				INFOPLIST_KEY_UILaunchStoryboardName = LaunchScreen;
				INFOPLIST_KEY_UIMainStoryboardFile = Main;
				INFOPLIST_KEY_UISupportedInterfaceOrientations_iPad = "UIInterfaceOrientationPortrait UIInterfaceOrientationPortraitUpsideDown UIInterfaceOrientationLandscapeLeft UIInterfaceOrientationLandscapeRight";
				INFOPLIST_KEY_UISupportedInterfaceOrientations_iPhone = "UIInterfaceOrientationPortrait UIInterfaceOrientationLandscapeLeft UIInterfaceOrientationLandscapeRight";
				LD_RUNPATH_SEARCH_PATHS = (
					"$(inherited)",
					"@executable_path/Frameworks",
				);
				MARKETING_VERSION = 1.0;
				PRODUCT_BUNDLE_IDENTIFIER = nwmissouri.edu.temperaturee;
				PRODUCT_NAME = "$(TARGET_NAME)";
				SWIFT_EMIT_LOC_STRINGS = YES;
				SWIFT_VERSION = 5.0;
				TARGETED_DEVICE_FAMILY = "1,2";
			};
			name = Debug;
		};
		A5C22DB829A7B049007391A0 /* Release */ = {
			isa = XCBuildConfiguration;
			buildSettings = {
				ASSETCATALOG_COMPILER_APPICON_NAME = AppIcon;
				ASSETCATALOG_COMPILER_GLOBAL_ACCENT_COLOR_NAME = AccentColor;
				CODE_SIGN_STYLE = Automatic;
				CURRENT_PROJECT_VERSION = 1;
				GENERATE_INFOPLIST_FILE = YES;
				INFOPLIST_FILE = temperaturee/Info.plist;
				INFOPLIST_KEY_UIApplicationSupportsIndirectInputEvents = YES;
				INFOPLIST_KEY_UILaunchStoryboardName = LaunchScreen;
				INFOPLIST_KEY_UIMainStoryboardFile = Main;
				INFOPLIST_KEY_UISupportedInterfaceOrientations_iPad = "UIInterfaceOrientationPortrait UIInterfaceOrientationPortraitUpsideDown UIInterfaceOrientationLandscapeLeft UIInterfaceOrientationLandscapeRight";
				INFOPLIST_KEY_UISupportedInterfaceOrientations_iPhone = "UIInterfaceOrientationPortrait UIInterfaceOrientationLandscapeLeft UIInterfaceOrientationLandscapeRight";
				LD_RUNPATH_SEARCH_PATHS = (
					"$(inherited)",
					"@executable_path/Frameworks",
				);
				MARKETING_VERSION = 1.0;
				PRODUCT_BUNDLE_IDENTIFIER = nwmissouri.edu.temperaturee;
				PRODUCT_NAME = "$(TARGET_NAME)";
				SWIFT_EMIT_LOC_STRINGS = YES;
				SWIFT_VERSION = 5.0;
				TARGETED_DEVICE_FAMILY = "1,2";
			};
			name = Release;
		};
		A5C22DBA29A7B049007391A0 /* Debug */ = {
			isa = XCBuildConfiguration;
			buildSettings = {
				ALWAYS_EMBED_SWIFT_STANDARD_LIBRARIES = YES;
				BUNDLE_LOADER = "$(TEST_HOST)";
				CODE_SIGN_STYLE = Automatic;
				CURRENT_PROJECT_VERSION = 1;
				GENERATE_INFOPLIST_FILE = YES;
				IPHONEOS_DEPLOYMENT_TARGET = 15.5;
				MARKETING_VERSION = 1.0;
				PRODUCT_BUNDLE_IDENTIFIER = nwmissouri.edu.temperatureeTests;
				PRODUCT_NAME = "$(TARGET_NAME)";
				SWIFT_EMIT_LOC_STRINGS = NO;
				SWIFT_VERSION = 5.0;
				TARGETED_DEVICE_FAMILY = "1,2";
				TEST_HOST = "$(BUILT_PRODUCTS_DIR)/temperaturee.app/temperaturee";
			};
			name = Debug;
		};
		A5C22DBB29A7B049007391A0 /* Release */ = {
			isa = XCBuildConfiguration;
			buildSettings = {
				ALWAYS_EMBED_SWIFT_STANDARD_LIBRARIES = YES;
				BUNDLE_LOADER = "$(TEST_HOST)";
				CODE_SIGN_STYLE = Automatic;
				CURRENT_PROJECT_VERSION = 1;
				GENERATE_INFOPLIST_FILE = YES;
				IPHONEOS_DEPLOYMENT_TARGET = 15.5;
				MARKETING_VERSION = 1.0;
				PRODUCT_BUNDLE_IDENTIFIER = nwmissouri.edu.temperatureeTests;
				PRODUCT_NAME = "$(TARGET_NAME)";
				SWIFT_EMIT_LOC_STRINGS = NO;
				SWIFT_VERSION = 5.0;
				TARGETED_DEVICE_FAMILY = "1,2";
				TEST_HOST = "$(BUILT_PRODUCTS_DIR)/temperaturee.app/temperaturee";
			};
			name = Release;
		};
		A5C22DBD29A7B049007391A0 /* Debug */ = {
			isa = XCBuildConfiguration;
			buildSettings = {
				ALWAYS_EMBED_SWIFT_STANDARD_LIBRARIES = YES;
				CODE_SIGN_STYLE = Automatic;
				CURRENT_PROJECT_VERSION = 1;
				GENERATE_INFOPLIST_FILE = YES;
				MARKETING_VERSION = 1.0;
				PRODUCT_BUNDLE_IDENTIFIER = nwmissouri.edu.temperatureeUITests;
				PRODUCT_NAME = "$(TARGET_NAME)";
				SWIFT_EMIT_LOC_STRINGS = NO;
				SWIFT_VERSION = 5.0;
				TARGETED_DEVICE_FAMILY = "1,2";
				TEST_TARGET_NAME = temperaturee;
			};
			name = Debug;
		};
		A5C22DBE29A7B049007391A0 /* Release */ = {
			isa = XCBuildConfiguration;
			buildSettings = {
				ALWAYS_EMBED_SWIFT_STANDARD_LIBRARIES = YES;
				CODE_SIGN_STYLE = Automatic;
				CURRENT_PROJECT_VERSION = 1;
				GENERATE_INFOPLIST_FILE = YES;
				MARKETING_VERSION = 1.0;
				PRODUCT_BUNDLE_IDENTIFIER = nwmissouri.edu.temperatureeUITests;
				PRODUCT_NAME = "$(TARGET_NAME)";
				SWIFT_EMIT_LOC_STRINGS = NO;
				SWIFT_VERSION = 5.0;
				TARGETED_DEVICE_FAMILY = "1,2";
				TEST_TARGET_NAME = temperaturee;
			};
			name = Release;
		};
/* End XCBuildConfiguration section */

/* Begin XCConfigurationList section */
		A5C22D8729A7B045007391A0 /* Build configuration list for PBXProject "temperaturee" */ = {
			isa = XCConfigurationList;
			buildConfigurations = (
				A5C22DB429A7B049007391A0 /* Debug */,
				A5C22DB529A7B049007391A0 /* Release */,
			);
			defaultConfigurationIsVisible = 0;
			defaultConfigurationName = Release;
		};
		A5C22DB629A7B049007391A0 /* Build configuration list for PBXNativeTarget "temperaturee" */ = {
			isa = XCConfigurationList;
			buildConfigurations = (
				A5C22DB729A7B049007391A0 /* Debug */,
				A5C22DB829A7B049007391A0 /* Release */,
			);
			defaultConfigurationIsVisible = 0;
			defaultConfigurationName = Release;
		};
		A5C22DB929A7B049007391A0 /* Build configuration list for PBXNativeTarget "temperatureeTests" */ = {
			isa = XCConfigurationList;
			buildConfigurations = (
				A5C22DBA29A7B049007391A0 /* Debug */,
				A5C22DBB29A7B049007391A0 /* Release */,
			);
			defaultConfigurationIsVisible = 0;
			defaultConfigurationName = Release;
		};
		A5C22DBC29A7B049007391A0 /* Build configuration list for PBXNativeTarget "temperatureeUITests" */ = {
			isa = XCConfigurationList;
			buildConfigurations = (
				A5C22DBD29A7B049007391A0 /* Debug */,
				A5C22DBE29A7B049007391A0 /* Release */,
			);
			defaultConfigurationIsVisible = 0;
			defaultConfigurationName = Release;
		};
/* End XCConfigurationList section */
	};
	rootObject = A5C22D8429A7B045007391A0 /* Project object */;
}
